// !$*UTF8*$!
{
	archiveVersion = 1;
	classes = {
	};
	objectVersion = 56;
	objects = {

/* Begin PBXBuildFile section */
		E100000000000000A0000027 /* CloudpadIOSApp.swift in Sources */ = {isa = PBXBuildFile; fileRef = E100000000000000A0000017 /* CloudpadIOSApp.swift */; };
		E100000000000000A0000028 /* Config.swift in Sources */ = {isa = PBXBuildFile; fileRef = E100000000000000A0000018 /* Config.swift */; };
		E100000000000000A0000029 /* Note.swift in Sources */ = {isa = PBXBuildFile; fileRef = E100000000000000A0000019 /* Note.swift */; };
		E100000000000000A000002A /* User.swift in Sources */ = {isa = PBXBuildFile; fileRef = E100000000000000A000001A /* User.swift */; };
		E100000000000000A000002B /* APIService.swift in Sources */ = {isa = PBXBuildFile; fileRef = E100000000000000A000001B /* APIService.swift */; };
		E100000000000000A000002C /* Keychain.swift in Sources */ = {isa = PBXBuildFile; fileRef = E100000000000000A000001C /* Keychain.swift */; };
		E100000000000000A000002D /* AppState.swift in Sources */ = {isa = PBXBuildFile; fileRef = E100000000000000A000001D /* AppState.swift */; };
		E100000000000000A000002E /* AuthViewModel.swift in Sources */ = {isa = PBXBuildFile; fileRef = E100000000000000A000001E /* AuthViewModel.swift */; };
		E100000000000000A000002F /* NotesViewModel.swift in Sources */ = {isa = PBXBuildFile; fileRef = E100000000000000A000001F /* NotesViewModel.swift */; };
		E100000000000000A0000030 /* AuthView.swift in Sources */ = {isa = PBXBuildFile; fileRef = E100000000000000A0000020 /* AuthView.swift */; };
		E100000000000000A0000031 /* MainView.swift in Sources */ = {isa = PBXBuildFile; fileRef = E100000000000000A0000021 /* MainView.swift */; };
		E100000000000000A0000032 /* PadView.swift in Sources */ = {isa = PBXBuildFile; fileRef = E100000000000000A0000022 /* PadView.swift */; };
		E100000000000000A0000033 /* SettingsView.swift in Sources */ = {isa = PBXBuildFile; fileRef = E100000000000000A0000023 /* SettingsView.swift */; };
		E100000000000000A0000034 /* ThemePickerView.swift in Sources */ = {isa = PBXBuildFile; fileRef = E100000000000000A0000024 /* ThemePickerView.swift */; };
		E100000000000000A0000035 /* Assets.xcassets in Resources */ = {isa = PBXBuildFile; fileRef = E100000000000000A0000026 /* Assets.xcassets */; };
/* End PBXBuildFile section */

/* Begin PBXFileReference section */
		E100000000000000A0000005 /* CloudpadIOS.app */ = {isa = PBXFileReference; explicitFileType = wrapper.application; includeInIndex = 0; path = CloudpadIOS.app; sourceTree = BUILT_PRODUCTS_DIR; };
		E100000000000000A0000017 /* CloudpadIOSApp.swift */ = {isa = PBXFileReference; lastKnownFileType = sourcecode.swift; path = CloudpadIOSApp.swift; sourceTree = "<group>"; };
		E100000000000000A0000018 /* Config.swift */ = {isa = PBXFileReference; lastKnownFileType = sourcecode.swift; path = Config.swift; sourceTree = "<group>"; };
		E100000000000000A0000019 /* Note.swift */ = {isa = PBXFileReference; lastKnownFileType = sourcecode.swift; path = Note.swift; sourceTree = "<group>"; };
		E100000000000000A000001A /* User.swift */ = {isa = PBXFileReference; lastKnownFileType = sourcecode.swift; path = User.swift; sourceTree = "<group>"; };
		E100000000000000A000001B /* APIService.swift */ = {isa = PBXFileReference; lastKnownFileType = sourcecode.swift; path = APIService.swift; sourceTree = "<group>"; };
		E100000000000000A000001C /* Keychain.swift */ = {isa = PBXFileReference; lastKnownFileType = sourcecode.swift; path = Keychain.swift; sourceTree = "<group>"; };
		E100000000000000A000001D /* AppState.swift */ = {isa = PBXFileReference; lastKnownFileType = sourcecode.swift; path = AppState.swift; sourceTree = "<group>"; };
		E100000000000000A000001E /* AuthViewModel.swift */ = {isa = PBXFileReference; lastKnownFileType = sourcecode.swift; path = AuthViewModel.swift; sourceTree = "<group>"; };
		E100000000000000A000001F /* NotesViewModel.swift */ = {isa = PBXFileReference; lastKnownFileType = sourcecode.swift; path = NotesViewModel.swift; sourceTree = "<group>"; };
		E100000000000000A0000020 /* AuthView.swift */ = {isa = PBXFileReference; lastKnownFileType = sourcecode.swift; path = AuthView.swift; sourceTree = "<group>"; };
		E100000000000000A0000021 /* MainView.swift */ = {isa = PBXFileReference; lastKnownFileType = sourcecode.swift; path = MainView.swift; sourceTree = "<group>"; };
		E100000000000000A0000022 /* PadView.swift */ = {isa = PBXFileReference; lastKnownFileType = sourcecode.swift; path = PadView.swift; sourceTree = "<group>"; };
		E100000000000000A0000023 /* SettingsView.swift */ = {isa = PBXFileReference; lastKnownFileType = sourcecode.swift; path = SettingsView.swift; sourceTree = "<group>"; };
		E100000000000000A0000024 /* ThemePickerView.swift */ = {isa = PBXFileReference; lastKnownFileType = sourcecode.swift; path = ThemePickerView.swift; sourceTree = "<group>"; };
		E100000000000000A0000025 /* Info.plist */ = {isa = PBXFileReference; lastKnownFileType = text.plist.xml; path = Info.plist; sourceTree = "<group>"; };
		E100000000000000A0000026 /* Assets.xcassets */ = {isa = PBXFileReference; lastKnownFileType = folder.assetcatalog; path = Assets.xcassets; sourceTree = "<group>"; };
/* End PBXFileReference section */

/* Begin PBXFrameworksBuildPhase section */
		E100000000000000A000000D /* Frameworks */ = {
			isa = PBXFrameworksBuildPhase;
			buildActionMask = 2147483647;
			files = (
			);
			runOnlyForDeploymentPostprocessing = 0;
		};
/* End PBXFrameworksBuildPhase section */

/* Begin PBXGroup section */
		E100000000000000A0000002 /* MainGroup */ = {
			isa = PBXGroup;
			children = (
				E100000000000000A000000F /* CloudpadIOS */,
				E100000000000000A0000003 /* Products */,
			);
			sourceTree = "<group>";
		};
		E100000000000000A0000003 /* Products */ = {
			isa = PBXGroup;
			children = (
				E100000000000000A0000005 /* CloudpadIOS.app */,
			);
			name = Products;
			sourceTree = "<group>";
		};
		E100000000000000A000000F /* CloudpadIOS */ = {
			isa = PBXGroup;
			children = (
				E100000000000000A0000017 /* CloudpadIOSApp.swift */,
				E100000000000000A0000018 /* Config.swift */,
				E100000000000000A0000010 /* Models */,
				E100000000000000A0000011 /* Services */,
				E100000000000000A0000012 /* ViewModels */,
				E100000000000000A0000013 /* Views */,
				E100000000000000A0000025 /* Info.plist */,
				E100000000000000A0000026 /* Assets.xcassets */,
			);
			path = CloudpadIOS;
			sourceTree = "<group>";
		};
		E100000000000000A0000010 /* Models */ = {
			isa = PBXGroup;
			children = (
				E100000000000000A0000019 /* Note.swift */,
				E100000000000000A000001A /* User.swift */,
			);
			path = Models;
			sourceTree = "<group>";
		};
		E100000000000000A0000011 /* Services */ = {
			isa = PBXGroup;
			children = (
				E100000000000000A000001B /* APIService.swift */,
				E100000000000000A000001C /* Keychain.swift */,
			);
			path = Services;
			sourceTree = "<group>";
		};
		E100000000000000A0000012 /* ViewModels */ = {
			isa = PBXGroup;
			children = (
				E100000000000000A000001D /* AppState.swift */,
				E100000000000000A000001E /* AuthViewModel.swift */,
				E100000000000000A000001F /* NotesViewModel.swift */,
			);
			path = ViewModels;
			sourceTree = "<group>";
		};
		E100000000000000A0000013 /* Views */ = {
			isa = PBXGroup;
			children = (
				E100000000000000A0000014 /* Auth */,
				E100000000000000A0000015 /* Main */,
				E100000000000000A0000016 /* Settings */,
			);
			path = Views;
			sourceTree = "<group>";
		};
		E100000000000000A0000014 /* Auth */ = {
			isa = PBXGroup;
			children = (
				E100000000000000A0000020 /* AuthView.swift */,
			);
			path = Auth;
			sourceTree = "<group>";
		};
		E100000000000000A0000015 /* Main */ = {
			isa = PBXGroup;
			children = (
				E100000000000000A0000021 /* MainView.swift */,
				E100000000000000A0000022 /* PadView.swift */,
			);
			path = Main;
			sourceTree = "<group>";
		};
		E100000000000000A0000016 /* Settings */ = {
			isa = PBXGroup;
			children = (
				E100000000000000A0000023 /* SettingsView.swift */,
				E100000000000000A0000024 /* ThemePickerView.swift */,
			);
			path = Settings;
			sourceTree = "<group>";
		};
/* End PBXGroup section */

/* Begin PBXNativeTarget section */
		E100000000000000A0000004 /* CloudpadIOS */ = {
			isa = PBXNativeTarget;
			buildConfigurationList = E100000000000000A0000007 /* Build configuration list for PBXNativeTarget "CloudpadIOS" */;
			buildPhases = (
				E100000000000000A000000C /* Sources */,
				E100000000000000A000000D /* Frameworks */,
				E100000000000000A000000E /* Resources */,
			);
			buildRules = (
			);
			dependencies = (
			);
			name = CloudpadIOS;
			productName = CloudpadIOS;
			productReference = E100000000000000A0000005 /* CloudpadIOS.app */;
			productType = "com.apple.product-type.application";
		};
/* End PBXNativeTarget section */

/* Begin PBXProject section */
		E100000000000000A0000001 /* Project object */ = {
			isa = PBXProject;
			attributes = {
				BuildIndependentTargetsInParallel = 1;
				LastSwiftUpdateCheck = 1500;
				LastUpgradeCheck = 1500;
				TargetAttributes = {
					E100000000000000A0000004 = {
						CreatedOnToolsVersion = 15.0;
					};
				};
			};
			buildConfigurationList = E100000000000000A0000006 /* Build configuration list for PBXProject "CloudpadIOS" */;
			compatibilityVersion = "Xcode 14.0";
			developmentRegion = en;
			hasScannedForEncodings = 0;
			knownRegions = (
				en,
				Base,
			);
			mainGroup = E100000000000000A0000002;
			productRefGroup = E100000000000000A0000003 /* Products */;
			projectDirPath = "";
			projectRoot = "";
			targets = (
				E100000000000000A0000004 /* CloudpadIOS */,
			);
		};
/* End PBXProject section */

/* Begin PBXResourcesBuildPhase section */
		E100000000000000A000000E /* Resources */ = {
			isa = PBXResourcesBuildPhase;
			buildActionMask = 2147483647;
			files = (
				E100000000000000A0000035 /* Assets.xcassets in Resources */,
			);
			runOnlyForDeploymentPostprocessing = 0;
		};
/* End PBXResourcesBuildPhase section */

/* Begin PBXSourcesBuildPhase section */
		E100000000000000A000000C /* Sources */ = {
			isa = PBXSourcesBuildPhase;
			buildActionMask = 2147483647;
			files = (
				E100000000000000A0000027 /* CloudpadIOSApp.swift in Sources */,
				E100000000000000A0000028 /* Config.swift in Sources */,
				E100000000000000A0000029 /* Note.swift in Sources */,
				E100000000000000A000002A /* User.swift in Sources */,
				E100000000000000A000002B /* APIService.swift in Sources */,
				E100000000000000A000002C /* Keychain.swift in Sources */,
				E100000000000000A000002D /* AppState.swift in Sources */,
				E100000000000000A000002E /* AuthViewModel.swift in Sources */,
				E100000000000000A000002F /* NotesViewModel.swift in Sources */,
				E100000000000000A0000030 /* AuthView.swift in Sources */,
				E100000000000000A0000031 /* MainView.swift in Sources */,
				E100000000000000A0000032 /* PadView.swift in Sources */,
				E100000000000000A0000033 /* SettingsView.swift in Sources */,
				E100000000000000A0000034 /* ThemePickerView.swift in Sources */,
			);
			runOnlyForDeploymentPostprocessing = 0;
		};
/* End PBXSourcesBuildPhase section */

/* Begin XCBuildConfiguration section */
		E100000000000000A0000008 /* Debug */ = {
			isa = XCBuildConfiguration;
			buildSettings = {
				ALWAYS_SEARCH_USER_PATHS = NO;
				CLANG_ANALYZER_NONNULL = YES;
				CLANG_ANALYZER_NUMBER_OBJECT_CONVERSION = YES_AGGRESSIVE;
				CLANG_CXX_LANGUAGE_STANDARD = "gnu++20";
				CLANG_ENABLE_MODULES = YES;
				CLANG_ENABLE_OBJC_ARC = YES;
				CLANG_ENABLE_OBJC_WEAK = YES;
				CLANG_WARN_BLOCK_CAPTURE_AUTORELEASING = YES;
				CLANG_WARN_BOOL_CONVERSION = YES;
				CLANG_WARN_COMMA = YES;
				CLANG_WARN_CONSTANT_CONVERSION = YES;
				CLANG_WARN_DEPRECATED_OBJC_IMPLEMENTATIONS = YES;
				CLANG_WARN_DIRECT_OBJC_ISA_USAGE = YES_ERROR;
				CLANG_WARN_DOCUMENTATION_COMMENTS = YES;
				CLANG_WARN_EMPTY_BODY = YES;
				CLANG_WARN_ENUM_CONVERSION = YES;
				CLANG_WARN_INFINITE_RECURSION = YES;
				CLANG_WARN_INT_CONVERSION = YES;
				CLANG_WARN_NON_LITERAL_NULL_CONVERSION = YES;
				CLANG_WARN_OBJC_IMPLICIT_RETAIN_SELF = YES;
				CLANG_WARN_OBJC_LITERAL_CONVERSION = YES;
				CLANG_WARN_OBJC_ROOT_CLASS = YES_ERROR;
				CLANG_WARN_QUOTED_INCLUDE_IN_FRAMEWORK_HEADER = YES;
				CLANG_WARN_RANGE_LOOP_ANALYSIS = YES;
				CLANG_WARN_STRICT_PROTOTYPES = YES;
				CLANG_WARN_SUSPICIOUS_MOVE = YES;
				CLANG_WARN_UNGUARDED_AVAILABILITY = YES_AGGRESSIVE;
				CLANG_WARN_UNREACHABLE_CODE = YES;
				CLANG_WARN__DUPLICATE_METHOD_EXCEPTION = YES;
				COPY_PHASE_STRIP = NO;
				DEBUG_INFORMATION_FORMAT = dwarf;
				ENABLE_STRICT_OBJC_MSGSEND = YES;
				ENABLE_TESTABILITY = YES;
				GCC_C_LANGUAGE_STANDARD = gnu17;
				GCC_DYNAMIC_NO_PIC = NO;
				GCC_NO_COMMON_BLOCKS = YES;
				GCC_OPTIMIZATION_LEVEL = 0;
				GCC_PREPROCESSOR_DEFINITIONS = (
					"DEBUG=1",
					"$(inherited)",
				);
				GCC_WARN_64_TO_32_BIT_CONVERSION = YES;
				GCC_WARN_ABOUT_RETURN_TYPE = YES_ERROR;
				GCC_WARN_UNDECLARED_SELECTOR = YES;
				GCC_WARN_UNINITIALIZED_AUTOS = YES_AGGRESSIVE;
				GCC_WARN_UNUSED_FUNCTION = YES;
				GCC_WARN_UNUSED_VARIABLE = YES;
				IPHONEOS_DEPLOYMENT_TARGET = 16.0;
				MTL_ENABLE_DEBUG_INFO = INCLUDE_SOURCE;
				MTL_FAST_MATH = YES;
				ONLY_ACTIVE_ARCH = YES;
				SDKROOT = iphoneos;
				SWIFT_ACTIVE_COMPILATION_CONDITIONS = DEBUG;
				SWIFT_OPTIMIZATION_LEVEL = "-Onone";
			};
			name = Debug;
		};
		E100000000000000A0000009 /* Release */ = {
			isa = XCBuildConfiguration;
			buildSettings = {
				ALWAYS_SEARCH_USER_PATHS = NO;
				CLANG_ANALYZER_NONNULL = YES;
				CLANG_ANALYZER_NUMBER_OBJECT_CONVERSION = YES_AGGRESSIVE;
				CLANG_CXX_LANGUAGE_STANDARD = "gnu++20";
				CLANG_ENABLE_MODULES = YES;
				CLANG_ENABLE_OBJC_ARC = YES;
				CLANG_ENABLE_OBJC_WEAK = YES;
				CLANG_WARN_BLOCK_CAPTURE_AUTORELEASING = YES;
				CLANG_WARN_BOOL_CONVERSION = YES;
				CLANG_WARN_COMMA = YES;
				CLANG_WARN_CONSTANT_CONVERSION = YES;
				CLANG_WARN_DEPRECATED_OBJC_IMPLEMENTATIONS = YES;
				CLANG_WARN_DIRECT_OBJC_ISA_USAGE = YES_ERROR;
				CLANG_WARN_DOCUMENTATION_COMMENTS = YES;
				CLANG_WARN_EMPTY_BODY = YES;
				CLANG_WARN_ENUM_CONVERSION = YES;
				CLANG_WARN_INFINITE_RECURSION = YES;
				CLANG_WARN_INT_CONVERSION = YES;
				CLANG_WARN_NON_LITERAL_NULL_CONVERSION = YES;
				CLANG_WARN_OBJC_IMPLICIT_RETAIN_SELF = YES;
				CLANG_WARN_OBJC_LITERAL_CONVERSION = YES;
				CLANG_WARN_OBJC_ROOT_CLASS = YES_ERROR;
				CLANG_WARN_QUOTED_INCLUDE_IN_FRAMEWORK_HEADER = YES;
				CLANG_WARN_RANGE_LOOP_ANALYSIS = YES;
				CLANG_WARN_STRICT_PROTOTYPES = YES;
				CLANG_WARN_SUSPICIOUS_MOVE = YES;
				CLANG_WARN_UNGUARDED_AVAILABILITY = YES_AGGRESSIVE;
				CLANG_WARN_UNREACHABLE_CODE = YES;
				CLANG_WARN__DUPLICATE_METHOD_EXCEPTION = YES;
				COPY_PHASE_STRIP = NO;
				DEBUG_INFORMATION_FORMAT = "dwarf-with-dsym";
				ENABLE_NS_ASSERTIONS = NO;
				ENABLE_STRICT_OBJC_MSGSEND = YES;
				GCC_C_LANGUAGE_STANDARD = gnu17;
				GCC_NO_COMMON_BLOCKS = YES;
				GCC_WARN_64_TO_32_BIT_CONVERSION = YES;
				GCC_WARN_ABOUT_RETURN_TYPE = YES_ERROR;
				GCC_WARN_UNDECLARED_SELECTOR = YES;
				GCC_WARN_UNINITIALIZED_AUTOS = YES_AGGRESSIVE;
				GCC_WARN_UNUSED_FUNCTION = YES;
				GCC_WARN_UNUSED_VARIABLE = YES;
				IPHONEOS_DEPLOYMENT_TARGET = 16.0;
				MTL_FAST_MATH = YES;
				SDKROOT = iphoneos;
				SWIFT_COMPILATION_MODE = wholemodule;
				SWIFT_OPTIMIZATION_LEVEL = "-O";
				VALIDATE_PRODUCT = YES;
			};
			name = Release;
		};
		E100000000000000A000000A /* Debug */ = {
			isa = XCBuildConfiguration;
			buildSettings = {
				ASSETCATALOG_COMPILER_APPICON_NAME = AppIcon;
				ASSETCATALOG_COMPILER_GLOBAL_ACCENT_COLOR_NAME = AccentColor;
				CODE_SIGN_STYLE = Automatic;
				CURRENT_PROJECT_VERSION = 1;
				DEVELOPMENT_TEAM = "";
				ENABLE_PREVIEWS = YES;
				GENERATE_INFOPLIST_FILE = NO;
				INFOPLIST_FILE = CloudpadIOS/Info.plist;
				IPHONEOS_DEPLOYMENT_TARGET = 16.0;
				LD_RUNPATH_SEARCH_PATHS = (
					"$(inherited)",
					"@executable_path/Frameworks",
				);
				MARKETING_VERSION = 1.0;
				PRODUCT_BUNDLE_IDENTIFIER = "com.cloudpad.ios";
				PRODUCT_NAME = "$(TARGET_NAME)";
				SWIFT_EMIT_LOC_STRINGS = YES;
				SWIFT_VERSION = 5.0;
				TARGETED_DEVICE_FAMILY = "1,2";
			};
			name = Debug;
		};
		E100000000000000A000000B /* Release */ = {
			isa = XCBuildConfiguration;
			buildSettings = {
				ASSETCATALOG_COMPILER_APPICON_NAME = AppIcon;
				ASSETCATALOG_COMPILER_GLOBAL_ACCENT_COLOR_NAME = AccentColor;
				CODE_SIGN_STYLE = Automatic;
				CURRENT_PROJECT_VERSION = 1;
				DEVELOPMENT_TEAM = "";
				ENABLE_PREVIEWS = YES;
				GENERATE_INFOPLIST_FILE = NO;
				INFOPLIST_FILE = CloudpadIOS/Info.plist;
				IPHONEOS_DEPLOYMENT_TARGET = 16.0;
				LD_RUNPATH_SEARCH_PATHS = (
					"$(inherited)",
					"@executable_path/Frameworks",
				);
				MARKETING_VERSION = 1.0;
				PRODUCT_BUNDLE_IDENTIFIER = "com.cloudpad.ios";
				PRODUCT_NAME = "$(TARGET_NAME)";
				SWIFT_EMIT_LOC_STRINGS = YES;
				SWIFT_VERSION = 5.0;
				TARGETED_DEVICE_FAMILY = "1,2";
			};
			name = Release;
		};
/* End XCBuildConfiguration section */

/* Begin XCConfigurationList section */
		E100000000000000A0000006 /* Build configuration list for PBXProject "CloudpadIOS" */ = {
			isa = XCConfigurationList;
			buildConfigurations = (
				E100000000000000A0000008 /* Debug */,
				E100000000000000A0000009 /* Release */,
			);
			defaultConfigurationIsVisible = 0;
			defaultConfigurationName = Release;
		};
		E100000000000000A0000007 /* Build configuration list for PBXNativeTarget "CloudpadIOS" */ = {
			isa = XCConfigurationList;
			buildConfigurations = (
				E100000000000000A000000A /* Debug */,
				E100000000000000A000000B /* Release */,
			);
			defaultConfigurationIsVisible = 0;
			defaultConfigurationName = Release;
		};
/* End XCConfigurationList section */

	};
	rootObject = E100000000000000A0000001 /* Project object */;
}
